
Microsoft Visual Studio Solution File, Format Version 12.00
# Visual Studio Version 17
VisualStudioVersion = 17.4.33213.308
MinimumVisualStudioVersion = 10.0.40219.1
Project("{FAE04EC0-301F-11D3-BF4B-00C04F79EFBC}") = "DemoListView.Android", "DemoListView\DemoListView.Android\DemoListView.Android.csproj", "{DF55EF58-1068-4B79-8E8A-D55A6C4471E8}"
EndProject
Project("{9A19103F-16F7-4668-BE54-9A1E7A4F7556}") = "DemoListView", "DemoListView\DemoListView\DemoListView.csproj", "{4745B11D-59E3-4023-98C3-28245499365B}"
EndProject
Project("{2150E333-8FDC-42A3-9474-1A3956D46DE8}") = "Resources", "Resources", "{094900CD-7D63-446F-A387-0E241A27A828}"
	ProjectSection(SolutionItems) = preProject
		.gitignore = .gitignore
	EndProjectSection
EndProject
Global
	GlobalSection(SolutionConfigurationPlatforms) = preSolution
		Debug|Any CPU = Debug|Any CPU
		Release|Any CPU = Release|Any CPU
	EndGlobalSection
	GlobalSection(ProjectConfigurationPlatforms) = postSolution
		{DF55EF58-1068-4B79-8E8A-D55A6C4471E8}.Debug|Any CPU.ActiveCfg = Debug|Any CPU
		{DF55EF58-1068-4B79-8E8A-D55A6C4471E8}.Debug|Any CPU.Build.0 = Debug|Any CPU
		{DF55EF58-1068-4B79-8E8A-D55A6C4471E8}.Release|Any CPU.ActiveCfg = Release|Any CPU
		{DF55EF58-1068-4B79-8E8A-D55A6C4471E8}.Release|Any CPU.Build.0 = Release|Any CPU
		{4745B11D-59E3-4023-98C3-28245499365B}.Debug|Any CPU.ActiveCfg = Debug|Any CPU
		{4745B11D-59E3-4023-98C3-28245499365B}.Debug|Any CPU.Build.0 = Debug|Any CPU
		{4745B11D-59E3-4023-98C3-28245499365B}.Release|Any CPU.ActiveCfg = Release|Any CPU
		{4745B11D-59E3-4023-98C3-28245499365B}.Release|Any CPU.Build.0 = Release|Any CPU
	EndGlobalSection
	GlobalSection(SolutionProperties) = preSolution
		HideSolutionNode = FALSE
	EndGlobalSection
	GlobalSection(ExtensibilityGlobals) = postSolution
		SolutionGuid = {2556796B-9176-4769-8AF8-BC6B84AC9090}
	EndGlobalSection
EndGlobal
